// !$*UTF8*$!
{
	archiveVersion = 1;
	classes = {
	};
	objectVersion = 46;
	objects = {

/* Begin PBXBuildFile section */
		24ABF3F01CC81BCF001BA33A /* main.m in Sources */ = {isa = PBXBuildFile; fileRef = 24ABF3EF1CC81BCF001BA33A /* main.m */; };
		24ABF3F31CC81BCF001BA33A /* AppDelegate.m in Sources */ = {isa = PBXBuildFile; fileRef = 24ABF3F21CC81BCF001BA33A /* AppDelegate.m */; };
		24ABF3F61CC81BCF001BA33A /* MainViewController.m in Sources */ = {isa = PBXBuildFile; fileRef = 24ABF3F51CC81BCF001BA33A /* MainViewController.m */; };
		24ABF3F91CC81BCF001BA33A /* Main.storyboard in Resources */ = {isa = PBXBuildFile; fileRef = 24ABF3F71CC81BCF001BA33A /* Main.storyboard */; };
		24ABF3FB1CC81BCF001BA33A /* Assets.xcassets in Resources */ = {isa = PBXBuildFile; fileRef = 24ABF3FA1CC81BCF001BA33A /* Assets.xcassets */; };
		24ABF3FE1CC81BCF001BA33A /* LaunchScreen.storyboard in Resources */ = {isa = PBXBuildFile; fileRef = 24ABF3FC1CC81BCF001BA33A /* LaunchScreen.storyboard */; };
		24ABF4091CC81BCF001BA33A /* A_Waste_of_MoneyTests.m in Sources */ = {isa = PBXBuildFile; fileRef = 24ABF4081CC81BCF001BA33A /* A_Waste_of_MoneyTests.m */; };
		24ABF41B1CC821DD001BA33A /* NavigationController.m in Sources */ = {isa = PBXBuildFile; fileRef = 24ABF41A1CC821DD001BA33A /* NavigationController.m */; };
		24ABF41E1CC8225A001BA33A /* Colors.m in Sources */ = {isa = PBXBuildFile; fileRef = 24ABF41D1CC8225A001BA33A /* Colors.m */; };
		24ABF4211CC82480001BA33A /* CalendarNavigationController.m in Sources */ = {isa = PBXBuildFile; fileRef = 24ABF4201CC82480001BA33A /* CalendarNavigationController.m */; };
		24ABF4241CC824F5001BA33A /* CalendarViewController.m in Sources */ = {isa = PBXBuildFile; fileRef = 24ABF4231CC824F5001BA33A /* CalendarViewController.m */; };
		24ABF4261CC825A4001BA33A /* Calendar.storyboard in Resources */ = {isa = PBXBuildFile; fileRef = 24ABF4251CC825A4001BA33A /* Calendar.storyboard */; };
		24ABF4281CC8265A001BA33A /* Table.storyboard in Resources */ = {isa = PBXBuildFile; fileRef = 24ABF4271CC8265A001BA33A /* Table.storyboard */; };
		24ABF42B1CC8267E001BA33A /* ReceiptTableNavigationController.m in Sources */ = {isa = PBXBuildFile; fileRef = 24ABF42A1CC8267E001BA33A /* ReceiptTableNavigationController.m */; };
		24ABF42E1CC8268F001BA33A /* ReceiptTableViewController.m in Sources */ = {isa = PBXBuildFile; fileRef = 24ABF42D1CC8268F001BA33A /* ReceiptTableViewController.m */; };
		24ABF4311CC82783001BA33A /* SettingsNavigationController.m in Sources */ = {isa = PBXBuildFile; fileRef = 24ABF4301CC82783001BA33A /* SettingsNavigationController.m */; };
		24ABF4341CC82794001BA33A /* SettingsViewController.m in Sources */ = {isa = PBXBuildFile; fileRef = 24ABF4331CC82794001BA33A /* SettingsViewController.m */; };
		24ABF4361CC827DB001BA33A /* Settings.storyboard in Resources */ = {isa = PBXBuildFile; fileRef = 24ABF4351CC827DB001BA33A /* Settings.storyboard */; };
		24ABF5961CCADD99001BA33A /* ReceiptTableViewCell.m in Sources */ = {isa = PBXBuildFile; fileRef = 24ABF5951CCADD99001BA33A /* ReceiptTableViewCell.m */; };
		24ABF5991CCADEBE001BA33A /* Item.m in Sources */ = {isa = PBXBuildFile; fileRef = 24ABF5981CCADEBE001BA33A /* Item.m */; };
		24ABF59C1CCAE073001BA33A /* ItemDoc.m in Sources */ = {isa = PBXBuildFile; fileRef = 24ABF59B1CCAE073001BA33A /* ItemDoc.m */; };
		24ABF59F1CCAE215001BA33A /* ItemDatabase.m in Sources */ = {isa = PBXBuildFile; fileRef = 24ABF59E1CCAE215001BA33A /* ItemDatabase.m */; };
		6E83BE7EE3C06AD8AEF01FA5 /* libPods-A Waste of Money.a in Frameworks */ = {isa = PBXBuildFile; fileRef = DEAE626650C8FDB4472BC954 /* libPods-A Waste of Money.a */; };
		82033CC0E088CC6AFA0EEE86 /* libPods-A Waste of MoneyTests.a in Frameworks */ = {isa = PBXBuildFile; fileRef = AD873BF3D02AC1903C8F42FA /* libPods-A Waste of MoneyTests.a */; };
/* End PBXBuildFile section */

/* Begin PBXContainerItemProxy section */
		24ABF4051CC81BCF001BA33A /* PBXContainerItemProxy */ = {
			isa = PBXContainerItemProxy;
			containerPortal = 24ABF3E31CC81BCF001BA33A /* Project object */;
			proxyType = 1;
			remoteGlobalIDString = 24ABF3EA1CC81BCF001BA33A;
			remoteInfo = "A Waste of Money";
		};
/* End PBXContainerItemProxy section */

/* Begin PBXFileReference section */
		24ABF3EB1CC81BCF001BA33A /* A Waste of Money.app */ = {isa = PBXFileReference; explicitFileType = wrapper.application; includeInIndex = 0; path = "A Waste of Money.app"; sourceTree = BUILT_PRODUCTS_DIR; };
		24ABF3EF1CC81BCF001BA33A /* main.m */ = {isa = PBXFileReference; lastKnownFileType = sourcecode.c.objc; path = main.m; sourceTree = "<group>"; };
		24ABF3F11CC81BCF001BA33A /* AppDelegate.h */ = {isa = PBXFileReference; lastKnownFileType = sourcecode.c.h; path = AppDelegate.h; sourceTree = "<group>"; };
		24ABF3F21CC81BCF001BA33A /* AppDelegate.m */ = {isa = PBXFileReference; lastKnownFileType = sourcecode.c.objc; path = AppDelegate.m; sourceTree = "<group>"; };
		24ABF3F41CC81BCF001BA33A /* MainViewController.h */ = {isa = PBXFileReference; lastKnownFileType = sourcecode.c.h; path = MainViewController.h; sourceTree = "<group>"; };
		24ABF3F51CC81BCF001BA33A /* MainViewController.m */ = {isa = PBXFileReference; lastKnownFileType = sourcecode.c.objc; path = MainViewController.m; sourceTree = "<group>"; };
		24ABF3F81CC81BCF001BA33A /* Base */ = {isa = PBXFileReference; lastKnownFileType = file.storyboard; name = Base; path = Base.lproj/Main.storyboard; sourceTree = "<group>"; };
		24ABF3FA1CC81BCF001BA33A /* Assets.xcassets */ = {isa = PBXFileReference; lastKnownFileType = folder.assetcatalog; path = Assets.xcassets; sourceTree = "<group>"; };
		24ABF3FD1CC81BCF001BA33A /* Base */ = {isa = PBXFileReference; lastKnownFileType = file.storyboard; name = Base; path = Base.lproj/LaunchScreen.storyboard; sourceTree = "<group>"; };
		24ABF3FF1CC81BCF001BA33A /* Info.plist */ = {isa = PBXFileReference; lastKnownFileType = text.plist.xml; path = Info.plist; sourceTree = "<group>"; };
		24ABF4041CC81BCF001BA33A /* A Waste of MoneyTests.xctest */ = {isa = PBXFileReference; explicitFileType = wrapper.cfbundle; includeInIndex = 0; path = "A Waste of MoneyTests.xctest"; sourceTree = BUILT_PRODUCTS_DIR; };
		24ABF4081CC81BCF001BA33A /* A_Waste_of_MoneyTests.m */ = {isa = PBXFileReference; lastKnownFileType = sourcecode.c.objc; path = A_Waste_of_MoneyTests.m; sourceTree = "<group>"; };
		24ABF40A1CC81BCF001BA33A /* Info.plist */ = {isa = PBXFileReference; lastKnownFileType = text.plist.xml; path = Info.plist; sourceTree = "<group>"; };
		24ABF4191CC821DD001BA33A /* NavigationController.h */ = {isa = PBXFileReference; fileEncoding = 4; lastKnownFileType = sourcecode.c.h; path = NavigationController.h; sourceTree = "<group>"; };
		24ABF41A1CC821DD001BA33A /* NavigationController.m */ = {isa = PBXFileReference; fileEncoding = 4; lastKnownFileType = sourcecode.c.objc; path = NavigationController.m; sourceTree = "<group>"; };
		24ABF41C1CC8224C001BA33A /* Colors.h */ = {isa = PBXFileReference; fileEncoding = 4; lastKnownFileType = sourcecode.c.h; path = Colors.h; sourceTree = "<group>"; };
		24ABF41D1CC8225A001BA33A /* Colors.m */ = {isa = PBXFileReference; fileEncoding = 4; lastKnownFileType = sourcecode.c.objc; path = Colors.m; sourceTree = "<group>"; };
		24ABF41F1CC82480001BA33A /* CalendarNavigationController.h */ = {isa = PBXFileReference; fileEncoding = 4; lastKnownFileType = sourcecode.c.h; path = CalendarNavigationController.h; sourceTree = "<group>"; };
		24ABF4201CC82480001BA33A /* CalendarNavigationController.m */ = {isa = PBXFileReference; fileEncoding = 4; lastKnownFileType = sourcecode.c.objc; path = CalendarNavigationController.m; sourceTree = "<group>"; };
		24ABF4221CC824F5001BA33A /* CalendarViewController.h */ = {isa = PBXFileReference; fileEncoding = 4; lastKnownFileType = sourcecode.c.h; path = CalendarViewController.h; sourceTree = "<group>"; };
		24ABF4231CC824F5001BA33A /* CalendarViewController.m */ = {isa = PBXFileReference; fileEncoding = 4; lastKnownFileType = sourcecode.c.objc; path = CalendarViewController.m; sourceTree = "<group>"; };
		24ABF4251CC825A4001BA33A /* Calendar.storyboard */ = {isa = PBXFileReference; fileEncoding = 4; lastKnownFileType = file.storyboard; path = Calendar.storyboard; sourceTree = "<group>"; };
		24ABF4271CC8265A001BA33A /* Table.storyboard */ = {isa = PBXFileReference; fileEncoding = 4; lastKnownFileType = file.storyboard; path = Table.storyboard; sourceTree = "<group>"; };
		24ABF4291CC8267E001BA33A /* ReceiptTableNavigationController.h */ = {isa = PBXFileReference; fileEncoding = 4; lastKnownFileType = sourcecode.c.h; path = ReceiptTableNavigationController.h; sourceTree = "<group>"; };
		24ABF42A1CC8267E001BA33A /* ReceiptTableNavigationController.m */ = {isa = PBXFileReference; fileEncoding = 4; lastKnownFileType = sourcecode.c.objc; path = ReceiptTableNavigationController.m; sourceTree = "<group>"; };
		24ABF42C1CC8268F001BA33A /* ReceiptTableViewController.h */ = {isa = PBXFileReference; fileEncoding = 4; lastKnownFileType = sourcecode.c.h; path = ReceiptTableViewController.h; sourceTree = "<group>"; };
		24ABF42D1CC8268F001BA33A /* ReceiptTableViewController.m */ = {isa = PBXFileReference; fileEncoding = 4; lastKnownFileType = sourcecode.c.objc; path = ReceiptTableViewController.m; sourceTree = "<group>"; };
		24ABF42F1CC82783001BA33A /* SettingsNavigationController.h */ = {isa = PBXFileReference; fileEncoding = 4; lastKnownFileType = sourcecode.c.h; path = SettingsNavigationController.h; sourceTree = "<group>"; };
		24ABF4301CC82783001BA33A /* SettingsNavigationController.m */ = {isa = PBXFileReference; fileEncoding = 4; lastKnownFileType = sourcecode.c.objc; path = SettingsNavigationController.m; sourceTree = "<group>"; };
		24ABF4321CC82794001BA33A /* SettingsViewController.h */ = {isa = PBXFileReference; fileEncoding = 4; lastKnownFileType = sourcecode.c.h; path = SettingsViewController.h; sourceTree = "<group>"; };
		24ABF4331CC82794001BA33A /* SettingsViewController.m */ = {isa = PBXFileReference; fileEncoding = 4; lastKnownFileType = sourcecode.c.objc; path = SettingsViewController.m; sourceTree = "<group>"; };
		24ABF4351CC827DB001BA33A /* Settings.storyboard */ = {isa = PBXFileReference; fileEncoding = 4; lastKnownFileType = file.storyboard; path = Settings.storyboard; sourceTree = "<group>"; };
		24ABF5941CCADD99001BA33A /* ReceiptTableViewCell.h */ = {isa = PBXFileReference; fileEncoding = 4; lastKnownFileType = sourcecode.c.h; path = ReceiptTableViewCell.h; sourceTree = "<group>"; };
		24ABF5951CCADD99001BA33A /* ReceiptTableViewCell.m */ = {isa = PBXFileReference; fileEncoding = 4; lastKnownFileType = sourcecode.c.objc; path = ReceiptTableViewCell.m; sourceTree = "<group>"; };
		24ABF5971CCADEBE001BA33A /* Item.h */ = {isa = PBXFileReference; fileEncoding = 4; lastKnownFileType = sourcecode.c.h; path = Item.h; sourceTree = "<group>"; };
		24ABF5981CCADEBE001BA33A /* Item.m */ = {isa = PBXFileReference; fileEncoding = 4; lastKnownFileType = sourcecode.c.objc; path = Item.m; sourceTree = "<group>"; };
		24ABF59A1CCAE073001BA33A /* ItemDoc.h */ = {isa = PBXFileReference; fileEncoding = 4; lastKnownFileType = sourcecode.c.h; path = ItemDoc.h; sourceTree = "<group>"; };
		24ABF59B1CCAE073001BA33A /* ItemDoc.m */ = {isa = PBXFileReference; fileEncoding = 4; lastKnownFileType = sourcecode.c.objc; path = ItemDoc.m; sourceTree = "<group>"; };
		24ABF59D1CCAE215001BA33A /* ItemDatabase.h */ = {isa = PBXFileReference; fileEncoding = 4; lastKnownFileType = sourcecode.c.h; path = ItemDatabase.h; sourceTree = "<group>"; };
		24ABF59E1CCAE215001BA33A /* ItemDatabase.m */ = {isa = PBXFileReference; fileEncoding = 4; lastKnownFileType = sourcecode.c.objc; path = ItemDatabase.m; sourceTree = "<group>"; };
		37BC7D7534C227C3ECA3273F /* Pods-A Waste of MoneyTests.release.xcconfig */ = {isa = PBXFileReference; includeInIndex = 1; lastKnownFileType = text.xcconfig; name = "Pods-A Waste of MoneyTests.release.xcconfig"; path = "Pods/Target Support Files/Pods-A Waste of MoneyTests/Pods-A Waste of MoneyTests.release.xcconfig"; sourceTree = "<group>"; };
		4F8EC4640EAD8FDE6F3CF298 /* Pods-A Waste of Money.release.xcconfig */ = {isa = PBXFileReference; includeInIndex = 1; lastKnownFileType = text.xcconfig; name = "Pods-A Waste of Money.release.xcconfig"; path = "Pods/Target Support Files/Pods-A Waste of Money/Pods-A Waste of Money.release.xcconfig"; sourceTree = "<group>"; };
		584DF55B0ED721014228D9F3 /* Pods-A Waste of MoneyTests.debug.xcconfig */ = {isa = PBXFileReference; includeInIndex = 1; lastKnownFileType = text.xcconfig; name = "Pods-A Waste of MoneyTests.debug.xcconfig"; path = "Pods/Target Support Files/Pods-A Waste of MoneyTests/Pods-A Waste of MoneyTests.debug.xcconfig"; sourceTree = "<group>"; };
		A0C9D8F6649407015502DAF9 /* Pods-A Waste of Money.debug.xcconfig */ = {isa = PBXFileReference; includeInIndex = 1; lastKnownFileType = text.xcconfig; name = "Pods-A Waste of Money.debug.xcconfig"; path = "Pods/Target Support Files/Pods-A Waste of Money/Pods-A Waste of Money.debug.xcconfig"; sourceTree = "<group>"; };
		AD873BF3D02AC1903C8F42FA /* libPods-A Waste of MoneyTests.a */ = {isa = PBXFileReference; explicitFileType = archive.ar; includeInIndex = 0; path = "libPods-A Waste of MoneyTests.a"; sourceTree = BUILT_PRODUCTS_DIR; };
		DEAE626650C8FDB4472BC954 /* libPods-A Waste of Money.a */ = {isa = PBXFileReference; explicitFileType = archive.ar; includeInIndex = 0; path = "libPods-A Waste of Money.a"; sourceTree = BUILT_PRODUCTS_DIR; };
/* End PBXFileReference section */

/* Begin PBXFrameworksBuildPhase section */
		24ABF3E81CC81BCF001BA33A /* Frameworks */ = {
			isa = PBXFrameworksBuildPhase;
			buildActionMask = 2147483647;
			files = (
				6E83BE7EE3C06AD8AEF01FA5 /* libPods-A Waste of Money.a in Frameworks */,
			);
			runOnlyForDeploymentPostprocessing = 0;
		};
		24ABF4011CC81BCF001BA33A /* Frameworks */ = {
			isa = PBXFrameworksBuildPhase;
			buildActionMask = 2147483647;
			files = (
				82033CC0E088CC6AFA0EEE86 /* libPods-A Waste of MoneyTests.a in Frameworks */,
			);
			runOnlyForDeploymentPostprocessing = 0;
		};
/* End PBXFrameworksBuildPhase section */

/* Begin PBXGroup section */
		1F7F58F206A52B59A6E6F6E3 /* Frameworks */ = {
			isa = PBXGroup;
			children = (
				DEAE626650C8FDB4472BC954 /* libPods-A Waste of Money.a */,
				AD873BF3D02AC1903C8F42FA /* libPods-A Waste of MoneyTests.a */,
			);
			name = Frameworks;
			sourceTree = "<group>";
		};
		24ABF3E21CC81BCF001BA33A = {
			isa = PBXGroup;
			children = (
				24ABF3ED1CC81BCF001BA33A /* A Waste of Money */,
				24ABF4071CC81BCF001BA33A /* A Waste of MoneyTests */,
				24ABF3EC1CC81BCF001BA33A /* Products */,
				6CF67C1CF22D6545872F8AEF /* Pods */,
				1F7F58F206A52B59A6E6F6E3 /* Frameworks */,
			);
			sourceTree = "<group>";
		};
		24ABF3EC1CC81BCF001BA33A /* Products */ = {
			isa = PBXGroup;
			children = (
				24ABF3EB1CC81BCF001BA33A /* A Waste of Money.app */,
				24ABF4041CC81BCF001BA33A /* A Waste of MoneyTests.xctest */,
			);
			name = Products;
			sourceTree = "<group>";
		};
		24ABF3ED1CC81BCF001BA33A /* A Waste of Money */ = {
			isa = PBXGroup;
			children = (
				24ABF3FA1CC81BCF001BA33A /* Assets.xcassets */,
				24ABF4131CC81E01001BA33A /* Common */,
				24ABF4141CC81E1B001BA33A /* Scenes */,
				24ABF3EE1CC81BCF001BA33A /* Supporting Files */,
			);
			path = "A Waste of Money";
			sourceTree = "<group>";
		};
		24ABF3EE1CC81BCF001BA33A /* Supporting Files */ = {
			isa = PBXGroup;
			children = (
				24ABF3FC1CC81BCF001BA33A /* LaunchScreen.storyboard */,
				24ABF3F11CC81BCF001BA33A /* AppDelegate.h */,
				24ABF3F21CC81BCF001BA33A /* AppDelegate.m */,
				24ABF3FF1CC81BCF001BA33A /* Info.plist */,
				24ABF3EF1CC81BCF001BA33A /* main.m */,
			);
			name = "Supporting Files";
			sourceTree = "<group>";
		};
		24ABF4071CC81BCF001BA33A /* A Waste of MoneyTests */ = {
			isa = PBXGroup;
			children = (
				24ABF4081CC81BCF001BA33A /* A_Waste_of_MoneyTests.m */,
				24ABF40A1CC81BCF001BA33A /* Info.plist */,
			);
			path = "A Waste of MoneyTests";
			sourceTree = "<group>";
		};
		24ABF4131CC81E01001BA33A /* Common */ = {
			isa = PBXGroup;
			children = (
				24ABF4191CC821DD001BA33A /* NavigationController.h */,
				24ABF41A1CC821DD001BA33A /* NavigationController.m */,
				24ABF41C1CC8224C001BA33A /* Colors.h */,
				24ABF41D1CC8225A001BA33A /* Colors.m */,
			);
			name = Common;
			sourceTree = "<group>";
		};
		24ABF4141CC81E1B001BA33A /* Scenes */ = {
			isa = PBXGroup;
			children = (
				24ABF4181CC81E39001BA33A /* Main */,
				24ABF4171CC81E2C001BA33A /* Calendar */,
				24ABF4161CC81E26001BA33A /* Table */,
				24ABF4151CC81E21001BA33A /* Settings */,
			);
			name = Scenes;
			sourceTree = "<group>";
		};
		24ABF4151CC81E21001BA33A /* Settings */ = {
			isa = PBXGroup;
			children = (
				24ABF4351CC827DB001BA33A /* Settings.storyboard */,
				24ABF42F1CC82783001BA33A /* SettingsNavigationController.h */,
				24ABF4301CC82783001BA33A /* SettingsNavigationController.m */,
				24ABF4321CC82794001BA33A /* SettingsViewController.h */,
				24ABF4331CC82794001BA33A /* SettingsViewController.m */,
			);
			name = Settings;
			sourceTree = "<group>";
		};
		24ABF4161CC81E26001BA33A /* Table */ = {
			isa = PBXGroup;
			children = (
				24ABF5971CCADEBE001BA33A /* Item.h */,
				24ABF5981CCADEBE001BA33A /* Item.m */,
				24ABF4291CC8267E001BA33A /* ReceiptTableNavigationController.h */,
				24ABF42A1CC8267E001BA33A /* ReceiptTableNavigationController.m */,
				24ABF5941CCADD99001BA33A /* ReceiptTableViewCell.h */,
				24ABF5951CCADD99001BA33A /* ReceiptTableViewCell.m */,
				24ABF42C1CC8268F001BA33A /* ReceiptTableViewController.h */,
				24ABF42D1CC8268F001BA33A /* ReceiptTableViewController.m */,
				24ABF4271CC8265A001BA33A /* Table.storyboard */,
				24ABF59A1CCAE073001BA33A /* ItemDoc.h */,
				24ABF59B1CCAE073001BA33A /* ItemDoc.m */,
				24ABF59D1CCAE215001BA33A /* ItemDatabase.h */,
				24ABF59E1CCAE215001BA33A /* ItemDatabase.m */,
			);
			name = Table;
			sourceTree = "<group>";
		};
		24ABF4171CC81E2C001BA33A /* Calendar */ = {
			isa = PBXGroup;
			children = (
				24ABF4251CC825A4001BA33A /* Calendar.storyboard */,
				24ABF41F1CC82480001BA33A /* CalendarNavigationController.h */,
				24ABF4201CC82480001BA33A /* CalendarNavigationController.m */,
				24ABF4221CC824F5001BA33A /* CalendarViewController.h */,
				24ABF4231CC824F5001BA33A /* CalendarViewController.m */,
			);
			name = Calendar;
			sourceTree = "<group>";
		};
		24ABF4181CC81E39001BA33A /* Main */ = {
			isa = PBXGroup;
			children = (
				24ABF3F71CC81BCF001BA33A /* Main.storyboard */,
				24ABF3F41CC81BCF001BA33A /* MainViewController.h */,
				24ABF3F51CC81BCF001BA33A /* MainViewController.m */,
			);
			name = Main;
			sourceTree = "<group>";
		};
		6CF67C1CF22D6545872F8AEF /* Pods */ = {
			isa = PBXGroup;
			children = (
				A0C9D8F6649407015502DAF9 /* Pods-A Waste of Money.debug.xcconfig */,
				4F8EC4640EAD8FDE6F3CF298 /* Pods-A Waste of Money.release.xcconfig */,
				584DF55B0ED721014228D9F3 /* Pods-A Waste of MoneyTests.debug.xcconfig */,
				37BC7D7534C227C3ECA3273F /* Pods-A Waste of MoneyTests.release.xcconfig */,
			);
			name = Pods;
			sourceTree = "<group>";
		};
/* End PBXGroup section */

/* Begin PBXNativeTarget section */
		24ABF3EA1CC81BCF001BA33A /* A Waste of Money */ = {
			isa = PBXNativeTarget;
			buildConfigurationList = 24ABF40D1CC81BCF001BA33A /* Build configuration list for PBXNativeTarget "A Waste of Money" */;
			buildPhases = (
				346069D70E72015B2863EAD9 /* 📦 Check Pods Manifest.lock */,
				24ABF3E71CC81BCF001BA33A /* Sources */,
				24ABF3E81CC81BCF001BA33A /* Frameworks */,
				24ABF3E91CC81BCF001BA33A /* Resources */,
				3AA42FFAFD4F06EE17AC2E79 /* 📦 Embed Pods Frameworks */,
				53E328F30963D1212CFD17E5 /* 📦 Copy Pods Resources */,
			);
			buildRules = (
			);
			dependencies = (
			);
			name = "A Waste of Money";
			productName = "A Waste of Money";
			productReference = 24ABF3EB1CC81BCF001BA33A /* A Waste of Money.app */;
			productType = "com.apple.product-type.application";
		};
		24ABF4031CC81BCF001BA33A /* A Waste of MoneyTests */ = {
			isa = PBXNativeTarget;
			buildConfigurationList = 24ABF4101CC81BCF001BA33A /* Build configuration list for PBXNativeTarget "A Waste of MoneyTests" */;
			buildPhases = (
				B7A44270707B8C70E3B2C381 /* 📦 Check Pods Manifest.lock */,
				24ABF4001CC81BCF001BA33A /* Sources */,
				24ABF4011CC81BCF001BA33A /* Frameworks */,
				24ABF4021CC81BCF001BA33A /* Resources */,
				C8DA8DE1C106BCACA8B535FC /* 📦 Embed Pods Frameworks */,
				1998B287C22A54ABD3A24E4E /* 📦 Copy Pods Resources */,
			);
			buildRules = (
			);
			dependencies = (
				24ABF4061CC81BCF001BA33A /* PBXTargetDependency */,
			);
			name = "A Waste of MoneyTests";
			productName = "A Waste of MoneyTests";
			productReference = 24ABF4041CC81BCF001BA33A /* A Waste of MoneyTests.xctest */;
			productType = "com.apple.product-type.bundle.unit-test";
		};
/* End PBXNativeTarget section */

/* Begin PBXProject section */
		24ABF3E31CC81BCF001BA33A /* Project object */ = {
			isa = PBXProject;
			attributes = {
				LastUpgradeCheck = 0730;
				ORGANIZATIONNAME = "Sally Pang";
				TargetAttributes = {
					24ABF3EA1CC81BCF001BA33A = {
						CreatedOnToolsVersion = 7.3;
					};
					24ABF4031CC81BCF001BA33A = {
						CreatedOnToolsVersion = 7.3;
						TestTargetID = 24ABF3EA1CC81BCF001BA33A;
					};
				};
			};
			buildConfigurationList = 24ABF3E61CC81BCF001BA33A /* Build configuration list for PBXProject "A Waste of Money" */;
			compatibilityVersion = "Xcode 3.2";
			developmentRegion = English;
			hasScannedForEncodings = 0;
			knownRegions = (
				en,
				Base,
			);
			mainGroup = 24ABF3E21CC81BCF001BA33A;
			productRefGroup = 24ABF3EC1CC81BCF001BA33A /* Products */;
			projectDirPath = "";
			projectRoot = "";
			targets = (
				24ABF3EA1CC81BCF001BA33A /* A Waste of Money */,
				24ABF4031CC81BCF001BA33A /* A Waste of MoneyTests */,
			);
		};
/* End PBXProject section */

/* Begin PBXResourcesBuildPhase section */
		24ABF3E91CC81BCF001BA33A /* Resources */ = {
			isa = PBXResourcesBuildPhase;
			buildActionMask = 2147483647;
			files = (
				24ABF3FE1CC81BCF001BA33A /* LaunchScreen.storyboard in Resources */,
				24ABF4261CC825A4001BA33A /* Calendar.storyboard in Resources */,
				24ABF4281CC8265A001BA33A /* Table.storyboard in Resources */,
				24ABF4361CC827DB001BA33A /* Settings.storyboard in Resources */,
				24ABF3FB1CC81BCF001BA33A /* Assets.xcassets in Resources */,
				24ABF3F91CC81BCF001BA33A /* Main.storyboard in Resources */,
			);
			runOnlyForDeploymentPostprocessing = 0;
		};
		24ABF4021CC81BCF001BA33A /* Resources */ = {
			isa = PBXResourcesBuildPhase;
			buildActionMask = 2147483647;
			files = (
			);
			runOnlyForDeploymentPostprocessing = 0;
		};
/* End PBXResourcesBuildPhase section */

/* Begin PBXShellScriptBuildPhase section */
		1998B287C22A54ABD3A24E4E /* 📦 Copy Pods Resources */ = {
			isa = PBXShellScriptBuildPhase;
			buildActionMask = 2147483647;
			files = (
			);
			inputPaths = (
			);
			name = "📦 Copy Pods Resources";
			outputPaths = (
			);
			runOnlyForDeploymentPostprocessing = 0;
			shellPath = /bin/sh;
			shellScript = "\"${SRCROOT}/Pods/Target Support Files/Pods-A Waste of MoneyTests/Pods-A Waste of MoneyTests-resources.sh\"\n";
			showEnvVarsInLog = 0;
		};
		346069D70E72015B2863EAD9 /* 📦 Check Pods Manifest.lock */ = {
			isa = PBXShellScriptBuildPhase;
			buildActionMask = 2147483647;
			files = (
			);
			inputPaths = (
			);
			name = "📦 Check Pods Manifest.lock";
			outputPaths = (
			);
			runOnlyForDeploymentPostprocessing = 0;
			shellPath = /bin/sh;
			shellScript = "diff \"${PODS_ROOT}/../Podfile.lock\" \"${PODS_ROOT}/Manifest.lock\" > /dev/null\nif [[ $? != 0 ]] ; then\n    cat << EOM\nerror: The sandbox is not in sync with the Podfile.lock. Run 'pod install' or update your CocoaPods installation.\nEOM\n    exit 1\nfi\n";
			showEnvVarsInLog = 0;
		};
		3AA42FFAFD4F06EE17AC2E79 /* 📦 Embed Pods Frameworks */ = {
			isa = PBXShellScriptBuildPhase;
			buildActionMask = 2147483647;
			files = (
			);
			inputPaths = (
			);
			name = "📦 Embed Pods Frameworks";
			outputPaths = (
			);
			runOnlyForDeploymentPostprocessing = 0;
			shellPath = /bin/sh;
			shellScript = "\"${SRCROOT}/Pods/Target Support Files/Pods-A Waste of Money/Pods-A Waste of Money-frameworks.sh\"\n";
			showEnvVarsInLog = 0;
		};
		53E328F30963D1212CFD17E5 /* 📦 Copy Pods Resources */ = {
			isa = PBXShellScriptBuildPhase;
			buildActionMask = 2147483647;
			files = (
			);
			inputPaths = (
			);
			name = "📦 Copy Pods Resources";
			outputPaths = (
			);
			runOnlyForDeploymentPostprocessing = 0;
			shellPath = /bin/sh;
			shellScript = "\"${SRCROOT}/Pods/Target Support Files/Pods-A Waste of Money/Pods-A Waste of Money-resources.sh\"\n";
			showEnvVarsInLog = 0;
		};
		B7A44270707B8C70E3B2C381 /* 📦 Check Pods Manifest.lock */ = {
			isa = PBXShellScriptBuildPhase;
			buildActionMask = 2147483647;
			files = (
			);
			inputPaths = (
			);
			name = "📦 Check Pods Manifest.lock";
			outputPaths = (
			);
			runOnlyForDeploymentPostprocessing = 0;
			shellPath = /bin/sh;
			shellScript = "diff \"${PODS_ROOT}/../Podfile.lock\" \"${PODS_ROOT}/Manifest.lock\" > /dev/null\nif [[ $? != 0 ]] ; then\n    cat << EOM\nerror: The sandbox is not in sync with the Podfile.lock. Run 'pod install' or update your CocoaPods installation.\nEOM\n    exit 1\nfi\n";
			showEnvVarsInLog = 0;
		};
		C8DA8DE1C106BCACA8B535FC /* 📦 Embed Pods Frameworks */ = {
			isa = PBXShellScriptBuildPhase;
			buildActionMask = 2147483647;
			files = (
			);
			inputPaths = (
			);
			name = "📦 Embed Pods Frameworks";
			outputPaths = (
			);
			runOnlyForDeploymentPostprocessing = 0;
			shellPath = /bin/sh;
			shellScript = "\"${SRCROOT}/Pods/Target Support Files/Pods-A Waste of MoneyTests/Pods-A Waste of MoneyTests-frameworks.sh\"\n";
			showEnvVarsInLog = 0;
		};
/* End PBXShellScriptBuildPhase section */

/* Begin PBXSourcesBuildPhase section */
		24ABF3E71CC81BCF001BA33A /* Sources */ = {
			isa = PBXSourcesBuildPhase;
			buildActionMask = 2147483647;
			files = (
				24ABF5991CCADEBE001BA33A /* Item.m in Sources */,
				24ABF5961CCADD99001BA33A /* ReceiptTableViewCell.m in Sources */,
				24ABF41E1CC8225A001BA33A /* Colors.m in Sources */,
				24ABF42B1CC8267E001BA33A /* ReceiptTableNavigationController.m in Sources */,
				24ABF3F61CC81BCF001BA33A /* MainViewController.m in Sources */,
				24ABF59C1CCAE073001BA33A /* ItemDoc.m in Sources */,
				24ABF41B1CC821DD001BA33A /* NavigationController.m in Sources */,
				24ABF4211CC82480001BA33A /* CalendarNavigationController.m in Sources */,
				24ABF3F31CC81BCF001BA33A /* AppDelegate.m in Sources */,
				24ABF59F1CCAE215001BA33A /* ItemDatabase.m in Sources */,
				24ABF42E1CC8268F001BA33A /* ReceiptTableViewController.m in Sources */,
				24ABF3F01CC81BCF001BA33A /* main.m in Sources */,
				24ABF4341CC82794001BA33A /* SettingsViewController.m in Sources */,
				24ABF4311CC82783001BA33A /* SettingsNavigationController.m in Sources */,
				24ABF4241CC824F5001BA33A /* CalendarViewController.m in Sources */,
			);
			runOnlyForDeploymentPostprocessing = 0;
		};
		24ABF4001CC81BCF001BA33A /* Sources */ = {
			isa = PBXSourcesBuildPhase;
			buildActionMask = 2147483647;
			files = (
				24ABF4091CC81BCF001BA33A /* A_Waste_of_MoneyTests.m in Sources */,
			);
			runOnlyForDeploymentPostprocessing = 0;
		};
/* End PBXSourcesBuildPhase section */

/* Begin PBXTargetDependency section */
		24ABF4061CC81BCF001BA33A /* PBXTargetDependency */ = {
			isa = PBXTargetDependency;
			target = 24ABF3EA1CC81BCF001BA33A /* A Waste of Money */;
			targetProxy = 24ABF4051CC81BCF001BA33A /* PBXContainerItemProxy */;
		};
/* End PBXTargetDependency section */

/* Begin PBXVariantGroup section */
		24ABF3F71CC81BCF001BA33A /* Main.storyboard */ = {
			isa = PBXVariantGroup;
			children = (
				24ABF3F81CC81BCF001BA33A /* Base */,
			);
			name = Main.storyboard;
			sourceTree = "<group>";
		};
		24ABF3FC1CC81BCF001BA33A /* LaunchScreen.storyboard */ = {
			isa = PBXVariantGroup;
			children = (
				24ABF3FD1CC81BCF001BA33A /* Base */,
			);
			name = LaunchScreen.storyboard;
			sourceTree = "<group>";
		};
/* End PBXVariantGroup section */

/* Begin XCBuildConfiguration section */
		24ABF40B1CC81BCF001BA33A /* Debug */ = {
			isa = XCBuildConfiguration;
			buildSettings = {
				ALWAYS_SEARCH_USER_PATHS = NO;
				CLANG_ANALYZER_NONNULL = YES;
				CLANG_CXX_LANGUAGE_STANDARD = "gnu++0x";
				CLANG_CXX_LIBRARY = "libc++";
				CLANG_ENABLE_MODULES = YES;
				CLANG_ENABLE_OBJC_ARC = YES;
				CLANG_WARN_BOOL_CONVERSION = YES;
				CLANG_WARN_CONSTANT_CONVERSION = YES;
				CLANG_WARN_DIRECT_OBJC_ISA_USAGE = YES_ERROR;
				CLANG_WARN_EMPTY_BODY = YES;
				CLANG_WARN_ENUM_CONVERSION = YES;
				CLANG_WARN_INT_CONVERSION = YES;
				CLANG_WARN_OBJC_ROOT_CLASS = YES_ERROR;
				CLANG_WARN_UNREACHABLE_CODE = YES;
				CLANG_WARN__DUPLICATE_METHOD_MATCH = YES;
				"CODE_SIGN_IDENTITY[sdk=iphoneos*]" = "iPhone Developer";
				COPY_PHASE_STRIP = NO;
				DEBUG_INFORMATION_FORMAT = dwarf;
				ENABLE_STRICT_OBJC_MSGSEND = YES;
				ENABLE_TESTABILITY = YES;
				GCC_C_LANGUAGE_STANDARD = gnu99;
				GCC_DYNAMIC_NO_PIC = NO;
				GCC_NO_COMMON_BLOCKS = YES;
				GCC_OPTIMIZATION_LEVEL = 0;
				GCC_PREPROCESSOR_DEFINITIONS = (
					"DEBUG=1",
					"$(inherited)",
				);
				GCC_WARN_64_TO_32_BIT_CONVERSION = YES;
				GCC_WARN_ABOUT_RETURN_TYPE = YES_ERROR;
				GCC_WARN_UNDECLARED_SELECTOR = YES;
				GCC_WARN_UNINITIALIZED_AUTOS = YES_AGGRESSIVE;
				GCC_WARN_UNUSED_FUNCTION = YES;
				GCC_WARN_UNUSED_VARIABLE = YES;
				IPHONEOS_DEPLOYMENT_TARGET = 9.3;
				MTL_ENABLE_DEBUG_INFO = YES;
				ONLY_ACTIVE_ARCH = YES;
				SDKROOT = iphoneos;
				TARGETED_DEVICE_FAMILY = "1,2";
			};
			name = Debug;
		};
		24ABF40C1CC81BCF001BA33A /* Release */ = {
			isa = XCBuildConfiguration;
			buildSettings = {
				ALWAYS_SEARCH_USER_PATHS = NO;
				CLANG_ANALYZER_NONNULL = YES;
				CLANG_CXX_LANGUAGE_STANDARD = "gnu++0x";
				CLANG_CXX_LIBRARY = "libc++";
				CLANG_ENABLE_MODULES = YES;
				CLANG_ENABLE_OBJC_ARC = YES;
				CLANG_WARN_BOOL_CONVERSION = YES;
				CLANG_WARN_CONSTANT_CONVERSION = YES;
				CLANG_WARN_DIRECT_OBJC_ISA_USAGE = YES_ERROR;
				CLANG_WARN_EMPTY_BODY = YES;
				CLANG_WARN_ENUM_CONVERSION = YES;
				CLANG_WARN_INT_CONVERSION = YES;
				CLANG_WARN_OBJC_ROOT_CLASS = YES_ERROR;
				CLANG_WARN_UNREACHABLE_CODE = YES;
				CLANG_WARN__DUPLICATE_METHOD_MATCH = YES;
				"CODE_SIGN_IDENTITY[sdk=iphoneos*]" = "iPhone Developer";
				COPY_PHASE_STRIP = NO;
				DEBUG_INFORMATION_FORMAT = "dwarf-with-dsym";
				ENABLE_NS_ASSERTIONS = NO;
				ENABLE_STRICT_OBJC_MSGSEND = YES;
				GCC_C_LANGUAGE_STANDARD = gnu99;
				GCC_NO_COMMON_BLOCKS = YES;
				GCC_WARN_64_TO_32_BIT_CONVERSION = YES;
				GCC_WARN_ABOUT_RETURN_TYPE = YES_ERROR;
				GCC_WARN_UNDECLARED_SELECTOR = YES;
				GCC_WARN_UNINITIALIZED_AUTOS = YES_AGGRESSIVE;
				GCC_WARN_UNUSED_FUNCTION = YES;
				GCC_WARN_UNUSED_VARIABLE = YES;
				IPHONEOS_DEPLOYMENT_TARGET = 9.3;
				MTL_ENABLE_DEBUG_INFO = NO;
				SDKROOT = iphoneos;
				TARGETED_DEVICE_FAMILY = "1,2";
				VALIDATE_PRODUCT = YES;
			};
			name = Release;
		};
		24ABF40E1CC81BCF001BA33A /* Debug */ = {
			isa = XCBuildConfiguration;
			baseConfigurationReference = A0C9D8F6649407015502DAF9 /* Pods-A Waste of Money.debug.xcconfig */;
			buildSettings = {
				ASSETCATALOG_COMPILER_APPICON_NAME = AppIcon;
				INFOPLIST_FILE = "A Waste of Money/Info.plist";
				LD_RUNPATH_SEARCH_PATHS = "$(inherited) @executable_path/Frameworks";
				PRODUCT_BUNDLE_IDENTIFIER = "pangsally.com.A-Waste-of-Money";
				PRODUCT_NAME = "$(TARGET_NAME)";
			};
			name = Debug;
		};
		24ABF40F1CC81BCF001BA33A /* Release */ = {
			isa = XCBuildConfiguration;
			baseConfigurationReference = 4F8EC4640EAD8FDE6F3CF298 /* Pods-A Waste of Money.release.xcconfig */;
			buildSettings = {
				ASSETCATALOG_COMPILER_APPICON_NAME = AppIcon;
				INFOPLIST_FILE = "A Waste of Money/Info.plist";
				LD_RUNPATH_SEARCH_PATHS = "$(inherited) @executable_path/Frameworks";
				PRODUCT_BUNDLE_IDENTIFIER = "pangsally.com.A-Waste-of-Money";
				PRODUCT_NAME = "$(TARGET_NAME)";
			};
			name = Release;
		};
		24ABF4111CC81BCF001BA33A /* Debug */ = {
			isa = XCBuildConfiguration;
			baseConfigurationReference = 584DF55B0ED721014228D9F3 /* Pods-A Waste of MoneyTests.debug.xcconfig */;
			buildSettings = {
				BUNDLE_LOADER = "$(TEST_HOST)";
				INFOPLIST_FILE = "A Waste of MoneyTests/Info.plist";
				LD_RUNPATH_SEARCH_PATHS = "$(inherited) @executable_path/Frameworks @loader_path/Frameworks";
				PRODUCT_BUNDLE_IDENTIFIER = "pangsally.com.A-Waste-of-MoneyTests";
				PRODUCT_NAME = "$(TARGET_NAME)";
				TEST_HOST = "$(BUILT_PRODUCTS_DIR)/A Waste of Money.app/A Waste of Money";
			};
			name = Debug;
		};
		24ABF4121CC81BCF001BA33A /* Release */ = {
			isa = XCBuildConfiguration;
			baseConfigurationReference = 37BC7D7534C227C3ECA3273F /* Pods-A Waste of MoneyTests.release.xcconfig */;
			buildSettings = {
				BUNDLE_LOADER = "$(TEST_HOST)";
				INFOPLIST_FILE = "A Waste of MoneyTests/Info.plist";
				LD_RUNPATH_SEARCH_PATHS = "$(inherited) @executable_path/Frameworks @loader_path/Frameworks";
				PRODUCT_BUNDLE_IDENTIFIER = "pangsally.com.A-Waste-of-MoneyTests";
				PRODUCT_NAME = "$(TARGET_NAME)";
				TEST_HOST = "$(BUILT_PRODUCTS_DIR)/A Waste of Money.app/A Waste of Money";
			};
			name = Release;
		};
/* End XCBuildConfiguration section */

/* Begin XCConfigurationList section */
		24ABF3E61CC81BCF001BA33A /* Build configuration list for PBXProject "A Waste of Money" */ = {
			isa = XCConfigurationList;
			buildConfigurations = (
				24ABF40B1CC81BCF001BA33A /* Debug */,
				24ABF40C1CC81BCF001BA33A /* Release */,
			);
			defaultConfigurationIsVisible = 0;
			defaultConfigurationName = Release;
		};
		24ABF40D1CC81BCF001BA33A /* Build configuration list for PBXNativeTarget "A Waste of Money" */ = {
			isa = XCConfigurationList;
			buildConfigurations = (
				24ABF40E1CC81BCF001BA33A /* Debug */,
				24ABF40F1CC81BCF001BA33A /* Release */,
			);
			defaultConfigurationIsVisible = 0;
			defaultConfigurationName = Release;
		};
		24ABF4101CC81BCF001BA33A /* Build configuration list for PBXNativeTarget "A Waste of MoneyTests" */ = {
			isa = XCConfigurationList;
			buildConfigurations = (
				24ABF4111CC81BCF001BA33A /* Debug */,
				24ABF4121CC81BCF001BA33A /* Release */,
			);
			defaultConfigurationIsVisible = 0;
			defaultConfigurationName = Release;
		};
/* End XCConfigurationList section */
	};
	rootObject = 24ABF3E31CC81BCF001BA33A /* Project object */;
}
